
Microsoft Visual Studio Solution File, Format Version 12.00
# Visual Studio Version 16
VisualStudioVersion = 16.0.31729.503
MinimumVisualStudioVersion = 10.0.40219.1
Project("{FAE04EC0-301F-11D3-BF4B-00C04F79EFBC}") = "WpfApp1", "WpfApp1.csproj", "{D0FD760D-5238-4E4D-9068-AB4E9534CECA}"
EndProject
Global
	GlobalSection(SolutionConfigurationPlatforms) = preSolution
		Debug|Any CPU = Debug|Any CPU
		Release|Any CPU = Release|Any CPU
	EndGlobalSection
	GlobalSection(ProjectConfigurationPlatforms) = postSolution
		{D0FD760D-5238-4E4D-9068-AB4E9534CECA}.Debug|Any CPU.ActiveCfg = Debug|Any CPU
		{D0FD760D-5238-4E4D-9068-AB4E9534CECA}.Debug|Any CPU.Build.0 = Debug|Any CPU
		{D0FD760D-5238-4E4D-9068-AB4E9534CECA}.Release|Any CPU.ActiveCfg = Release|Any CPU
		{D0FD760D-5238-4E4D-9068-AB4E9534CECA}.Release|Any CPU.Build.0 = Release|Any CPU
	EndGlobalSection
	GlobalSection(SolutionProperties) = preSolution
		HideSolutionNode = FALSE
	EndGlobalSection
	GlobalSection(ExtensibilityGlobals) = postSolution
		SolutionGuid = {70C89DBC-7A8D-4E59-ADA0-142B6C686AE4}
	EndGlobalSection
EndGlobal
